
Microsoft Visual Studio Solution File, Format Version 12.00
# Visual Studio Version 17
VisualStudioVersion = 17.7.34221.43
MinimumVisualStudioVersion = 10.0.40219.1
Project("{9A19103F-16F7-4668-BE54-9A1E7A4F7556}") = "OpentDB Wrapper", "OpentDB Wrapper.csproj", "{5901F2B7-1EA3-4A93-B657-2F6C41A0F259}"
EndProject
Global
	GlobalSection(SolutionConfigurationPlatforms) = preSolution
		Debug|Any CPU = Debug|Any CPU
		Release|Any CPU = Release|Any CPU
	EndGlobalSection
	GlobalSection(ProjectConfigurationPlatforms) = postSolution
		{5901F2B7-1EA3-4A93-B657-2F6C41A0F259}.Debug|Any CPU.ActiveCfg = Release|Any CPU
		{5901F2B7-1EA3-4A93-B657-2F6C41A0F259}.Debug|Any CPU.Build.0 = Release|Any CPU
		{5901F2B7-1EA3-4A93-B657-2F6C41A0F259}.Release|Any CPU.ActiveCfg = Release|Any CPU
		{5901F2B7-1EA3-4A93-B657-2F6C41A0F259}.Release|Any CPU.Build.0 = Release|Any CPU
	EndGlobalSection
	GlobalSection(SolutionProperties) = preSolution
		HideSolutionNode = FALSE
	EndGlobalSection
	GlobalSection(ExtensibilityGlobals) = postSolution
		SolutionGuid = {CB09B16B-002E-44E3-A6C6-F07E1B5D5CA4}
	EndGlobalSection
EndGlobal
